{
  "name": "dddmaze",
  "version": "1.0.0",
  "lockfileVersion": 3,
  "requires": true,
  "packages": {
    "": {
      "name": "dddmaze",
      "version": "1.0.0",
      "license": "ISC",
      "dependencies": {
        "three": "^0.164.1",
        "three-orbit-controls": "^82.1.0"
      }
    },
    "node_modules/three": {
      "version": "0.164.1",
      "resolved": "https://registry.npmjs.org/three/-/three-0.164.1.tgz",
      "integrity": "sha512-iC/hUBbl1vzFny7f5GtqzVXYjMJKaTPxiCxXfrvVdBi1Sf+jhd1CAkitiFwC7mIBFCo3MrDLJG97yisoaWig0w=="
    },
    "node_modules/three-orbit-controls": {
      "version": "82.1.0",
      "resolved": "https://registry.npmjs.org/three-orbit-controls/-/three-orbit-controls-82.1.0.tgz",
      "integrity": "sha512-hIWxGoHqIbeq0S2lA14m9VRzo7SamKKVJ9mKMT/rdh0Qa3nV5Umvhlx4zsHl0Y6jLKVZhjatJfeD/K08Tr/g4A=="
    }
  }
}
